
Microsoft Visual Studio Solution File, Format Version 12.00
# Visual Studio Version 16
VisualStudioVersion = 16.0.30320.27
MinimumVisualStudioVersion = 10.0.40219.1
Project("{FAE04EC0-301F-11D3-BF4B-00C04F79EFBC}") = "FASE_1", "FASE_1\FASE_1.csproj", "{38C05C75-A8DD-4EEF-B668-C284123B9794}"
EndProject
Project("{FAE04EC0-301F-11D3-BF4B-00C04F79EFBC}") = "FASE_2", "FASE_2\FASE_2.csproj", "{5B849CAA-FB84-4189-8F12-62864344FCD1}"
EndProject
Project("{FAE04EC0-301F-11D3-BF4B-00C04F79EFBC}") = "FASE_3", "FASE_3\FASE_3.csproj", "{C16FE18A-8A03-47D6-9C1E-12123BC7B2E3}"
EndProject
Project("{FAE04EC0-301F-11D3-BF4B-00C04F79EFBC}") = "FASE_4", "FASE_4\FASE_4.csproj", "{B966AB1B-3F9F-4837-BCBC-061F6A1BC7C9}"
EndProject
Global
	GlobalSection(SolutionConfigurationPlatforms) = preSolution
		Debug|Any CPU = Debug|Any CPU
		Release|Any CPU = Release|Any CPU
	EndGlobalSection
	GlobalSection(ProjectConfigurationPlatforms) = postSolution
		{38C05C75-A8DD-4EEF-B668-C284123B9794}.Debug|Any CPU.ActiveCfg = Debug|Any CPU
		{38C05C75-A8DD-4EEF-B668-C284123B9794}.Debug|Any CPU.Build.0 = Debug|Any CPU
		{38C05C75-A8DD-4EEF-B668-C284123B9794}.Release|Any CPU.ActiveCfg = Release|Any CPU
		{38C05C75-A8DD-4EEF-B668-C284123B9794}.Release|Any CPU.Build.0 = Release|Any CPU
		{5B849CAA-FB84-4189-8F12-62864344FCD1}.Debug|Any CPU.ActiveCfg = Debug|Any CPU
		{5B849CAA-FB84-4189-8F12-62864344FCD1}.Debug|Any CPU.Build.0 = Debug|Any CPU
		{5B849CAA-FB84-4189-8F12-62864344FCD1}.Release|Any CPU.ActiveCfg = Release|Any CPU
		{5B849CAA-FB84-4189-8F12-62864344FCD1}.Release|Any CPU.Build.0 = Release|Any CPU
		{C16FE18A-8A03-47D6-9C1E-12123BC7B2E3}.Debug|Any CPU.ActiveCfg = Debug|Any CPU
		{C16FE18A-8A03-47D6-9C1E-12123BC7B2E3}.Debug|Any CPU.Build.0 = Debug|Any CPU
		{C16FE18A-8A03-47D6-9C1E-12123BC7B2E3}.Release|Any CPU.ActiveCfg = Release|Any CPU
		{C16FE18A-8A03-47D6-9C1E-12123BC7B2E3}.Release|Any CPU.Build.0 = Release|Any CPU
		{B966AB1B-3F9F-4837-BCBC-061F6A1BC7C9}.Debug|Any CPU.ActiveCfg = Debug|Any CPU
		{B966AB1B-3F9F-4837-BCBC-061F6A1BC7C9}.Debug|Any CPU.Build.0 = Debug|Any CPU
		{B966AB1B-3F9F-4837-BCBC-061F6A1BC7C9}.Release|Any CPU.ActiveCfg = Release|Any CPU
		{B966AB1B-3F9F-4837-BCBC-061F6A1BC7C9}.Release|Any CPU.Build.0 = Release|Any CPU
	EndGlobalSection
	GlobalSection(SolutionProperties) = preSolution
		HideSolutionNode = FALSE
	EndGlobalSection
	GlobalSection(ExtensibilityGlobals) = postSolution
		SolutionGuid = {D01DA94D-11CF-481E-81A1-DA1A90E851A0}
	EndGlobalSection
EndGlobal
